
Microsoft Visual Studio Solution File, Format Version 12.00
# Visual Studio Version 17
VisualStudioVersion = 17.0.31903.59
MinimumVisualStudioVersion = 10.0.40219.1
Project("{2150E333-8FDC-42A3-9474-1A3956D46DE8}") = "src", "src", "{B11E64F0-64C1-4F0C-B677-A3B8092F4182}"
EndProject
Project("{FAE04EC0-301F-11D3-BF4B-00C04F79EFBC}") = "DeveloperStore.Api", "src\DeveloperStore.Api\DeveloperStore.Api.csproj", "{1F894965-5BF3-4C61-B2FE-0BBA1E575863}"
EndProject
Project("{FAE04EC0-301F-11D3-BF4B-00C04F79EFBC}") = "DeveloperStore.Application", "src\DeveloperStore.Application\DeveloperStore.Application.csproj", "{568BD3EB-EEAD-49E2-A44F-89D166649D7B}"
EndProject
Project("{FAE04EC0-301F-11D3-BF4B-00C04F79EFBC}") = "DeveloperStore.Domain", "src\DeveloperStore.Domain\DeveloperStore.Domain.csproj", "{400B9D9B-7100-4652-82DE-F5E9EC122D39}"
EndProject
Project("{FAE04EC0-301F-11D3-BF4B-00C04F79EFBC}") = "DeveloperStore.Infra", "src\DeveloperStore.Infra\DeveloperStore.Infra.csproj", "{49129D51-3667-48DF-8901-09BF382E0AF9}"
EndProject
Project("{2150E333-8FDC-42A3-9474-1A3956D46DE8}") = "tests", "tests", "{1C186FE3-6FC3-468E-985F-52D0182AF048}"
EndProject
Project("{FAE04EC0-301F-11D3-BF4B-00C04F79EFBC}") = "DeveloperStore.Tests", "tests\DeveloperStore.Tests\DeveloperStore.Tests.csproj", "{88F9C848-2205-45C6-BBAE-DE8DFD252F77}"
EndProject
Global
	GlobalSection(SolutionConfigurationPlatforms) = preSolution
		Debug|Any CPU = Debug|Any CPU
		Release|Any CPU = Release|Any CPU
	EndGlobalSection
	GlobalSection(SolutionProperties) = preSolution
		HideSolutionNode = FALSE
	EndGlobalSection
	GlobalSection(ProjectConfigurationPlatforms) = postSolution
		{1F894965-5BF3-4C61-B2FE-0BBA1E575863}.Debug|Any CPU.ActiveCfg = Debug|Any CPU
		{1F894965-5BF3-4C61-B2FE-0BBA1E575863}.Debug|Any CPU.Build.0 = Debug|Any CPU
		{1F894965-5BF3-4C61-B2FE-0BBA1E575863}.Release|Any CPU.ActiveCfg = Release|Any CPU
		{1F894965-5BF3-4C61-B2FE-0BBA1E575863}.Release|Any CPU.Build.0 = Release|Any CPU
		{568BD3EB-EEAD-49E2-A44F-89D166649D7B}.Debug|Any CPU.ActiveCfg = Debug|Any CPU
		{568BD3EB-EEAD-49E2-A44F-89D166649D7B}.Debug|Any CPU.Build.0 = Debug|Any CPU
		{568BD3EB-EEAD-49E2-A44F-89D166649D7B}.Release|Any CPU.ActiveCfg = Release|Any CPU
		{568BD3EB-EEAD-49E2-A44F-89D166649D7B}.Release|Any CPU.Build.0 = Release|Any CPU
		{400B9D9B-7100-4652-82DE-F5E9EC122D39}.Debug|Any CPU.ActiveCfg = Debug|Any CPU
		{400B9D9B-7100-4652-82DE-F5E9EC122D39}.Debug|Any CPU.Build.0 = Debug|Any CPU
		{400B9D9B-7100-4652-82DE-F5E9EC122D39}.Release|Any CPU.ActiveCfg = Release|Any CPU
		{400B9D9B-7100-4652-82DE-F5E9EC122D39}.Release|Any CPU.Build.0 = Release|Any CPU
		{49129D51-3667-48DF-8901-09BF382E0AF9}.Debug|Any CPU.ActiveCfg = Debug|Any CPU
		{49129D51-3667-48DF-8901-09BF382E0AF9}.Debug|Any CPU.Build.0 = Debug|Any CPU
		{49129D51-3667-48DF-8901-09BF382E0AF9}.Release|Any CPU.ActiveCfg = Release|Any CPU
		{49129D51-3667-48DF-8901-09BF382E0AF9}.Release|Any CPU.Build.0 = Release|Any CPU
		{88F9C848-2205-45C6-BBAE-DE8DFD252F77}.Debug|Any CPU.ActiveCfg = Debug|Any CPU
		{88F9C848-2205-45C6-BBAE-DE8DFD252F77}.Debug|Any CPU.Build.0 = Debug|Any CPU
		{88F9C848-2205-45C6-BBAE-DE8DFD252F77}.Release|Any CPU.ActiveCfg = Release|Any CPU
		{88F9C848-2205-45C6-BBAE-DE8DFD252F77}.Release|Any CPU.Build.0 = Release|Any CPU
	EndGlobalSection
	GlobalSection(NestedProjects) = preSolution
		{1F894965-5BF3-4C61-B2FE-0BBA1E575863} = {B11E64F0-64C1-4F0C-B677-A3B8092F4182}
		{568BD3EB-EEAD-49E2-A44F-89D166649D7B} = {B11E64F0-64C1-4F0C-B677-A3B8092F4182}
		{400B9D9B-7100-4652-82DE-F5E9EC122D39} = {B11E64F0-64C1-4F0C-B677-A3B8092F4182}
		{49129D51-3667-48DF-8901-09BF382E0AF9} = {B11E64F0-64C1-4F0C-B677-A3B8092F4182}
		{88F9C848-2205-45C6-BBAE-DE8DFD252F77} = {1C186FE3-6FC3-468E-985F-52D0182AF048}
	EndGlobalSection
EndGlobal
